
Microsoft Visual Studio Solution File, Format Version 12.00
# Visual Studio Version 16
VisualStudioVersion = 16.0.30621.155
MinimumVisualStudioVersion = 10.0.40219.1
Project("{00D1A9C2-B5F0-4AF3-8072-F6C62B433612}") = "PartitionCompressionIssue", "PartitionCompressionIssue\PartitionCompressionIssue.sqlproj", "{41C0F24C-285A-4F15-8FAD-7F90E9184A56}"
EndProject
Global
	GlobalSection(SolutionConfigurationPlatforms) = preSolution
		Debug|Any CPU = Debug|Any CPU
		Release|Any CPU = Release|Any CPU
	EndGlobalSection
	GlobalSection(ProjectConfigurationPlatforms) = postSolution
		{41C0F24C-285A-4F15-8FAD-7F90E9184A56}.Debug|Any CPU.ActiveCfg = Debug|Any CPU
		{41C0F24C-285A-4F15-8FAD-7F90E9184A56}.Debug|Any CPU.Build.0 = Debug|Any CPU
		{41C0F24C-285A-4F15-8FAD-7F90E9184A56}.Debug|Any CPU.Deploy.0 = Debug|Any CPU
		{41C0F24C-285A-4F15-8FAD-7F90E9184A56}.Release|Any CPU.ActiveCfg = Release|Any CPU
		{41C0F24C-285A-4F15-8FAD-7F90E9184A56}.Release|Any CPU.Build.0 = Release|Any CPU
		{41C0F24C-285A-4F15-8FAD-7F90E9184A56}.Release|Any CPU.Deploy.0 = Release|Any CPU
	EndGlobalSection
	GlobalSection(SolutionProperties) = preSolution
		HideSolutionNode = FALSE
	EndGlobalSection
	GlobalSection(ExtensibilityGlobals) = postSolution
		SolutionGuid = {844514F0-F622-4803-9F89-00E725E9E198}
	EndGlobalSection
EndGlobal
